// !$*UTF8*$!
{
	archiveVersion = 1;
	classes = {
	};
	objectVersion = 50;
	objects = {

/* Begin PBXBuildFile section */
		556C931C2224125D00ACD2DA /* Mastodon.framework in Frameworks */ = {isa = PBXBuildFile; fileRef = 556C93132224125D00ACD2DA /* Mastodon.framework */; };
		556C93232224125D00ACD2DA /* MastodonTests.swift in Sources */ = {isa = PBXBuildFile; fileRef = 556C93222224125D00ACD2DA /* MastodonTests.swift */; };
		556C93252224125D00ACD2DA /* Mastodon.h in Headers */ = {isa = PBXBuildFile; fileRef = 556C93152224125D00ACD2DA /* Mastodon.h */; settings = {ATTRIBUTES = (Public, ); }; };
		556C93282224125D00ACD2DA /* Mastodon.framework in Frameworks */ = {isa = PBXBuildFile; fileRef = 556C93132224125D00ACD2DA /* Mastodon.framework */; };
		556C93292224125D00ACD2DA /* Mastodon.framework in CopyFiles */ = {isa = PBXBuildFile; fileRef = 556C93132224125D00ACD2DA /* Mastodon.framework */; settings = {ATTRIBUTES = (CodeSignOnCopy, RemoveHeadersOnCopy, ); }; };
		556C9331222412AA00ACD2DA /* MastodonStreamingReader.swift in Sources */ = {isa = PBXBuildFile; fileRef = 556C9330222412AA00ACD2DA /* MastodonStreamingReader.swift */; };
		556C933422243F3600ACD2DA /* MastodonStreamingURLBuidler.swift in Sources */ = {isa = PBXBuildFile; fileRef = 556C933322243F3600ACD2DA /* MastodonStreamingURLBuidler.swift */; };
		556C933622257A8100ACD2DA /* MastodonStreamingType.swift in Sources */ = {isa = PBXBuildFile; fileRef = 556C933522257A8100ACD2DA /* MastodonStreamingType.swift */; };
		556C93382225856000ACD2DA /* MastodonData.swift in Sources */ = {isa = PBXBuildFile; fileRef = 556C93372225856000ACD2DA /* MastodonData.swift */; };
		556C933B2225862A00ACD2DA /* MastodonURLBuilder.swift in Sources */ = {isa = PBXBuildFile; fileRef = 556C933A2225862A00ACD2DA /* MastodonURLBuilder.swift */; };
		556C933D2225869900ACD2DA /* MastodonStreamingReaderDelegate.swift in Sources */ = {isa = PBXBuildFile; fileRef = 556C933C2225869900ACD2DA /* MastodonStreamingReaderDelegate.swift */; };
		556C933F222589F800ACD2DA /* MastodonStreamingURLQueryParams.swift in Sources */ = {isa = PBXBuildFile; fileRef = 556C933E222589F800ACD2DA /* MastodonStreamingURLQueryParams.swift */; };
		556C93442225942200ACD2DA /* String+URLEncoded.swift in Sources */ = {isa = PBXBuildFile; fileRef = 556C93432225942200ACD2DA /* String+URLEncoded.swift */; };
		556C93462226C29100ACD2DA /* MastodonError.swift in Sources */ = {isa = PBXBuildFile; fileRef = 556C93452226C29100ACD2DA /* MastodonError.swift */; };
		556C93482226D01F00ACD2DA /* SlideMenuControllerSwift.framework in Frameworks */ = {isa = PBXBuildFile; fileRef = 556C93472226D01F00ACD2DA /* SlideMenuControllerSwift.framework */; };
		556C93492226D04A00ACD2DA /* SlideMenuControllerSwift.framework in CopyFiles */ = {isa = PBXBuildFile; fileRef = 556C93472226D01F00ACD2DA /* SlideMenuControllerSwift.framework */; settings = {ATTRIBUTES = (CodeSignOnCopy, RemoveHeadersOnCopy, ); }; };
		556C934B2226D11900ACD2DA /* UIViewController+NavigationBarItem.swift in Sources */ = {isa = PBXBuildFile; fileRef = 556C934A2226D11900ACD2DA /* UIViewController+NavigationBarItem.swift */; };
		556C934E2226E77F00ACD2DA /* YMokuNavigationController.swift in Sources */ = {isa = PBXBuildFile; fileRef = 556C934D2226E77F00ACD2DA /* YMokuNavigationController.swift */; };
		556C93512226E7E700ACD2DA /* YMokuColor.swift in Sources */ = {isa = PBXBuildFile; fileRef = 556C93502226E7E700ACD2DA /* YMokuColor.swift */; };
		556C93532226E86700ACD2DA /* UIColor+rgb+hex.swift in Sources */ = {isa = PBXBuildFile; fileRef = 556C93522226E86700ACD2DA /* UIColor+rgb+hex.swift */; };
		556C93552226E8F800ACD2DA /* YMokuNavigationBarTitleTextAttribute.swift in Sources */ = {isa = PBXBuildFile; fileRef = 556C93542226E8F800ACD2DA /* YMokuNavigationBarTitleTextAttribute.swift */; };
		55C77FAE222410670001990F /* Starscream.framework in Frameworks */ = {isa = PBXBuildFile; fileRef = 55C77FAD222410670001990F /* Starscream.framework */; };
		55C77FB2222410940001990F /* Starscream.framework in CopyFiles */ = {isa = PBXBuildFile; fileRef = 55C77FAD222410670001990F /* Starscream.framework */; settings = {ATTRIBUTES = (CodeSignOnCopy, RemoveHeadersOnCopy, ); }; };
		55D0010A2223E68B00BA00E6 /* AppDelegate.swift in Sources */ = {isa = PBXBuildFile; fileRef = 55D001092223E68B00BA00E6 /* AppDelegate.swift */; };
		55D0010C2223E68B00BA00E6 /* ViewController.swift in Sources */ = {isa = PBXBuildFile; fileRef = 55D0010B2223E68B00BA00E6 /* ViewController.swift */; };
		55D0010F2223E68B00BA00E6 /* Main.storyboard in Resources */ = {isa = PBXBuildFile; fileRef = 55D0010D2223E68B00BA00E6 /* Main.storyboard */; };
		55D001112223E68B00BA00E6 /* Assets.xcassets in Resources */ = {isa = PBXBuildFile; fileRef = 55D001102223E68B00BA00E6 /* Assets.xcassets */; };
		55D001142223E68B00BA00E6 /* LaunchScreen.storyboard in Resources */ = {isa = PBXBuildFile; fileRef = 55D001122223E68B00BA00E6 /* LaunchScreen.storyboard */; };
		55D0011F2223E68B00BA00E6 /* mokumoku_app_iosTests.swift in Sources */ = {isa = PBXBuildFile; fileRef = 55D0011E2223E68B00BA00E6 /* mokumoku_app_iosTests.swift */; };
		55D0012A2223E68C00BA00E6 /* mokumoku_app_iosUITests.swift in Sources */ = {isa = PBXBuildFile; fileRef = 55D001292223E68C00BA00E6 /* mokumoku_app_iosUITests.swift */; };
/* End PBXBuildFile section */

/* Begin PBXContainerItemProxy section */
		556C931D2224125D00ACD2DA /* PBXContainerItemProxy */ = {
			isa = PBXContainerItemProxy;
			containerPortal = 55D000FE2223E68B00BA00E6 /* Project object */;
			proxyType = 1;
			remoteGlobalIDString = 556C93122224125D00ACD2DA;
			remoteInfo = Mastodon;
		};
		556C931F2224125D00ACD2DA /* PBXContainerItemProxy */ = {
			isa = PBXContainerItemProxy;
			containerPortal = 55D000FE2223E68B00BA00E6 /* Project object */;
			proxyType = 1;
			remoteGlobalIDString = 55D001052223E68B00BA00E6;
			remoteInfo = "mokumoku-app-ios";
		};
		556C93262224125D00ACD2DA /* PBXContainerItemProxy */ = {
			isa = PBXContainerItemProxy;
			containerPortal = 55D000FE2223E68B00BA00E6 /* Project object */;
			proxyType = 1;
			remoteGlobalIDString = 556C93122224125D00ACD2DA;
			remoteInfo = Mastodon;
		};
		55D0011B2223E68B00BA00E6 /* PBXContainerItemProxy */ = {
			isa = PBXContainerItemProxy;
			containerPortal = 55D000FE2223E68B00BA00E6 /* Project object */;
			proxyType = 1;
			remoteGlobalIDString = 55D001052223E68B00BA00E6;
			remoteInfo = "mokumoku-app-ios";
		};
		55D001262223E68C00BA00E6 /* PBXContainerItemProxy */ = {
			isa = PBXContainerItemProxy;
			containerPortal = 55D000FE2223E68B00BA00E6 /* Project object */;
			proxyType = 1;
			remoteGlobalIDString = 55D001052223E68B00BA00E6;
			remoteInfo = "mokumoku-app-ios";
		};
/* End PBXContainerItemProxy section */

/* Begin PBXCopyFilesBuildPhase section */
		55C77FB12224108C0001990F /* CopyFiles */ = {
			isa = PBXCopyFilesBuildPhase;
			buildActionMask = 2147483647;
			dstPath = "";
			dstSubfolderSpec = 10;
			files = (
				556C93492226D04A00ACD2DA /* SlideMenuControllerSwift.framework in CopyFiles */,
				55C77FB2222410940001990F /* Starscream.framework in CopyFiles */,
				556C93292224125D00ACD2DA /* Mastodon.framework in CopyFiles */,
			);
			runOnlyForDeploymentPostprocessing = 0;
		};
/* End PBXCopyFilesBuildPhase section */

/* Begin PBXFileReference section */
		556C93132224125D00ACD2DA /* Mastodon.framework */ = {isa = PBXFileReference; explicitFileType = wrapper.framework; includeInIndex = 0; path = Mastodon.framework; sourceTree = BUILT_PRODUCTS_DIR; };
		556C93152224125D00ACD2DA /* Mastodon.h */ = {isa = PBXFileReference; lastKnownFileType = sourcecode.c.h; path = Mastodon.h; sourceTree = "<group>"; };
		556C93162224125D00ACD2DA /* Info.plist */ = {isa = PBXFileReference; lastKnownFileType = text.plist.xml; path = Info.plist; sourceTree = "<group>"; };
		556C931B2224125D00ACD2DA /* MastodonTests.xctest */ = {isa = PBXFileReference; explicitFileType = wrapper.cfbundle; includeInIndex = 0; path = MastodonTests.xctest; sourceTree = BUILT_PRODUCTS_DIR; };
		556C93222224125D00ACD2DA /* MastodonTests.swift */ = {isa = PBXFileReference; lastKnownFileType = sourcecode.swift; path = MastodonTests.swift; sourceTree = "<group>"; };
		556C93242224125D00ACD2DA /* Info.plist */ = {isa = PBXFileReference; lastKnownFileType = text.plist.xml; path = Info.plist; sourceTree = "<group>"; };
		556C9330222412AA00ACD2DA /* MastodonStreamingReader.swift */ = {isa = PBXFileReference; lastKnownFileType = sourcecode.swift; path = MastodonStreamingReader.swift; sourceTree = "<group>"; };
		556C933322243F3600ACD2DA /* MastodonStreamingURLBuidler.swift */ = {isa = PBXFileReference; lastKnownFileType = sourcecode.swift; path = MastodonStreamingURLBuidler.swift; sourceTree = "<group>"; };
		556C933522257A8100ACD2DA /* MastodonStreamingType.swift */ = {isa = PBXFileReference; lastKnownFileType = sourcecode.swift; path = MastodonStreamingType.swift; sourceTree = "<group>"; };
		556C93372225856000ACD2DA /* MastodonData.swift */ = {isa = PBXFileReference; lastKnownFileType = sourcecode.swift; path = MastodonData.swift; sourceTree = "<group>"; };
		556C933A2225862A00ACD2DA /* MastodonURLBuilder.swift */ = {isa = PBXFileReference; lastKnownFileType = sourcecode.swift; path = MastodonURLBuilder.swift; sourceTree = "<group>"; };
		556C933C2225869900ACD2DA /* MastodonStreamingReaderDelegate.swift */ = {isa = PBXFileReference; lastKnownFileType = sourcecode.swift; path = MastodonStreamingReaderDelegate.swift; sourceTree = "<group>"; };
		556C933E222589F800ACD2DA /* MastodonStreamingURLQueryParams.swift */ = {isa = PBXFileReference; lastKnownFileType = sourcecode.swift; path = MastodonStreamingURLQueryParams.swift; sourceTree = "<group>"; };
		556C93432225942200ACD2DA /* String+URLEncoded.swift */ = {isa = PBXFileReference; lastKnownFileType = sourcecode.swift; path = "String+URLEncoded.swift"; sourceTree = "<group>"; };
		556C93452226C29100ACD2DA /* MastodonError.swift */ = {isa = PBXFileReference; lastKnownFileType = sourcecode.swift; path = MastodonError.swift; sourceTree = "<group>"; };
		556C93472226D01F00ACD2DA /* SlideMenuControllerSwift.framework */ = {isa = PBXFileReference; lastKnownFileType = wrapper.framework; name = SlideMenuControllerSwift.framework; path = Carthage/Build/iOS/SlideMenuControllerSwift.framework; sourceTree = "<group>"; };
		556C934A2226D11900ACD2DA /* UIViewController+NavigationBarItem.swift */ = {isa = PBXFileReference; lastKnownFileType = sourcecode.swift; path = "UIViewController+NavigationBarItem.swift"; sourceTree = "<group>"; };
		556C934D2226E77F00ACD2DA /* YMokuNavigationController.swift */ = {isa = PBXFileReference; lastKnownFileType = sourcecode.swift; path = YMokuNavigationController.swift; sourceTree = "<group>"; };
		556C93502226E7E700ACD2DA /* YMokuColor.swift */ = {isa = PBXFileReference; lastKnownFileType = sourcecode.swift; path = YMokuColor.swift; sourceTree = "<group>"; };
		556C93522226E86700ACD2DA /* UIColor+rgb+hex.swift */ = {isa = PBXFileReference; lastKnownFileType = sourcecode.swift; path = "UIColor+rgb+hex.swift"; sourceTree = "<group>"; };
		556C93542226E8F800ACD2DA /* YMokuNavigationBarTitleTextAttribute.swift */ = {isa = PBXFileReference; lastKnownFileType = sourcecode.swift; path = YMokuNavigationBarTitleTextAttribute.swift; sourceTree = "<group>"; };
		55C77FAD222410670001990F /* Starscream.framework */ = {isa = PBXFileReference; lastKnownFileType = wrapper.framework; name = Starscream.framework; path = Carthage/Build/iOS/Starscream.framework; sourceTree = "<group>"; };
		55C77FAF222410820001990F /* SocketIO.framework */ = {isa = PBXFileReference; lastKnownFileType = wrapper.framework; name = SocketIO.framework; path = Carthage/Build/iOS/SocketIO.framework; sourceTree = "<group>"; };
		55D001062223E68B00BA00E6 /* mokumoku-app-ios.app */ = {isa = PBXFileReference; explicitFileType = wrapper.application; includeInIndex = 0; path = "mokumoku-app-ios.app"; sourceTree = BUILT_PRODUCTS_DIR; };
		55D001092223E68B00BA00E6 /* AppDelegate.swift */ = {isa = PBXFileReference; lastKnownFileType = sourcecode.swift; path = AppDelegate.swift; sourceTree = "<group>"; };
		55D0010B2223E68B00BA00E6 /* ViewController.swift */ = {isa = PBXFileReference; lastKnownFileType = sourcecode.swift; path = ViewController.swift; sourceTree = "<group>"; };
		55D0010E2223E68B00BA00E6 /* Base */ = {isa = PBXFileReference; lastKnownFileType = file.storyboard; name = Base; path = Base.lproj/Main.storyboard; sourceTree = "<group>"; };
		55D001102223E68B00BA00E6 /* Assets.xcassets */ = {isa = PBXFileReference; lastKnownFileType = folder.assetcatalog; path = Assets.xcassets; sourceTree = "<group>"; };
		55D001132223E68B00BA00E6 /* Base */ = {isa = PBXFileReference; lastKnownFileType = file.storyboard; name = Base; path = Base.lproj/LaunchScreen.storyboard; sourceTree = "<group>"; };
		55D001152223E68B00BA00E6 /* Info.plist */ = {isa = PBXFileReference; lastKnownFileType = text.plist.xml; path = Info.plist; sourceTree = "<group>"; };
		55D0011A2223E68B00BA00E6 /* mokumoku-app-iosTests.xctest */ = {isa = PBXFileReference; explicitFileType = wrapper.cfbundle; includeInIndex = 0; path = "mokumoku-app-iosTests.xctest"; sourceTree = BUILT_PRODUCTS_DIR; };
		55D0011E2223E68B00BA00E6 /* mokumoku_app_iosTests.swift */ = {isa = PBXFileReference; lastKnownFileType = sourcecode.swift; path = mokumoku_app_iosTests.swift; sourceTree = "<group>"; };
		55D001202223E68C00BA00E6 /* Info.plist */ = {isa = PBXFileReference; lastKnownFileType = text.plist.xml; path = Info.plist; sourceTree = "<group>"; };
		55D001252223E68C00BA00E6 /* mokumoku-app-iosUITests.xctest */ = {isa = PBXFileReference; explicitFileType = wrapper.cfbundle; includeInIndex = 0; path = "mokumoku-app-iosUITests.xctest"; sourceTree = BUILT_PRODUCTS_DIR; };
		55D001292223E68C00BA00E6 /* mokumoku_app_iosUITests.swift */ = {isa = PBXFileReference; lastKnownFileType = sourcecode.swift; path = mokumoku_app_iosUITests.swift; sourceTree = "<group>"; };
		55D0012B2223E68C00BA00E6 /* Info.plist */ = {isa = PBXFileReference; lastKnownFileType = text.plist.xml; path = Info.plist; sourceTree = "<group>"; };
/* End PBXFileReference section */

/* Begin PBXFrameworksBuildPhase section */
		556C93102224125D00ACD2DA /* Frameworks */ = {
			isa = PBXFrameworksBuildPhase;
			buildActionMask = 2147483647;
			files = (
			);
			runOnlyForDeploymentPostprocessing = 0;
		};
		556C93182224125D00ACD2DA /* Frameworks */ = {
			isa = PBXFrameworksBuildPhase;
			buildActionMask = 2147483647;
			files = (
				556C931C2224125D00ACD2DA /* Mastodon.framework in Frameworks */,
			);
			runOnlyForDeploymentPostprocessing = 0;
		};
		55D001032223E68B00BA00E6 /* Frameworks */ = {
			isa = PBXFrameworksBuildPhase;
			buildActionMask = 2147483647;
			files = (
				556C93482226D01F00ACD2DA /* SlideMenuControllerSwift.framework in Frameworks */,
				55C77FAE222410670001990F /* Starscream.framework in Frameworks */,
				556C93282224125D00ACD2DA /* Mastodon.framework in Frameworks */,
			);
			runOnlyForDeploymentPostprocessing = 0;
		};
		55D001172223E68B00BA00E6 /* Frameworks */ = {
			isa = PBXFrameworksBuildPhase;
			buildActionMask = 2147483647;
			files = (
			);
			runOnlyForDeploymentPostprocessing = 0;
		};
		55D001222223E68C00BA00E6 /* Frameworks */ = {
			isa = PBXFrameworksBuildPhase;
			buildActionMask = 2147483647;
			files = (
			);
			runOnlyForDeploymentPostprocessing = 0;
		};
/* End PBXFrameworksBuildPhase section */

/* Begin PBXGroup section */
		556C93142224125D00ACD2DA /* Mastodon */ = {
			isa = PBXGroup;
			children = (
				556C93162224125D00ACD2DA /* Info.plist */,
				556C93152224125D00ACD2DA /* Mastodon.h */,
				556C93372225856000ACD2DA /* MastodonData.swift */,
				556C93452226C29100ACD2DA /* MastodonError.swift */,
				556C933A2225862A00ACD2DA /* MastodonURLBuilder.swift */,
				55C6FF06225A52030047ADF0 /* Timeline */,
			);
			path = Mastodon;
			sourceTree = "<group>";
		};
		556C93212224125D00ACD2DA /* MastodonTests */ = {
			isa = PBXGroup;
			children = (
				556C93222224125D00ACD2DA /* MastodonTests.swift */,
				556C93242224125D00ACD2DA /* Info.plist */,
			);
			path = MastodonTests;
			sourceTree = "<group>";
		};
		556C93392225857600ACD2DA /* Streaming */ = {
			isa = PBXGroup;
			children = (
				556C9330222412AA00ACD2DA /* MastodonStreamingReader.swift */,
				556C933C2225869900ACD2DA /* MastodonStreamingReaderDelegate.swift */,
				556C933522257A8100ACD2DA /* MastodonStreamingType.swift */,
				556C933322243F3600ACD2DA /* MastodonStreamingURLBuidler.swift */,
				556C933E222589F800ACD2DA /* MastodonStreamingURLQueryParams.swift */,
			);
			path = Streaming;
			sourceTree = "<group>";
		};
		556C9342222592EC00ACD2DA /* Extension */ = {
			isa = PBXGroup;
			children = (
				556C93432225942200ACD2DA /* String+URLEncoded.swift */,
				556C934A2226D11900ACD2DA /* UIViewController+NavigationBarItem.swift */,
				556C93522226E86700ACD2DA /* UIColor+rgb+hex.swift */,
			);
			path = Extension;
			sourceTree = "<group>";
		};
		556C934C2226E73300ACD2DA /* Navigation */ = {
			isa = PBXGroup;
			children = (
				556C934D2226E77F00ACD2DA /* YMokuNavigationController.swift */,
				556C93542226E8F800ACD2DA /* YMokuNavigationBarTitleTextAttribute.swift */,
			);
			path = Navigation;
			sourceTree = "<group>";
		};
		556C934F2226E7D700ACD2DA /* Color */ = {
			isa = PBXGroup;
			children = (
				556C93502226E7E700ACD2DA /* YMokuColor.swift */,
			);
			path = Color;
			sourceTree = "<group>";
		};
		55C6FF06225A52030047ADF0 /* Timeline */ = {
			isa = PBXGroup;
			children = (
				556C93392225857600ACD2DA /* Streaming */,
			);
			path = Timeline;
			sourceTree = "<group>";
		};
		55C77FAC222410670001990F /* Frameworks */ = {
			isa = PBXGroup;
			children = (
				556C93472226D01F00ACD2DA /* SlideMenuControllerSwift.framework */,
				55C77FAF222410820001990F /* SocketIO.framework */,
				55C77FAD222410670001990F /* Starscream.framework */,
			);
			name = Frameworks;
			sourceTree = "<group>";
		};
		55D000FD2223E68B00BA00E6 = {
			isa = PBXGroup;
			children = (
				55D001082223E68B00BA00E6 /* mokumoku-app-ios */,
				55D0011D2223E68B00BA00E6 /* mokumoku-app-iosTests */,
				55D001282223E68C00BA00E6 /* mokumoku-app-iosUITests */,
				556C93142224125D00ACD2DA /* Mastodon */,
				556C93212224125D00ACD2DA /* MastodonTests */,
				55D001072223E68B00BA00E6 /* Products */,
				55C77FAC222410670001990F /* Frameworks */,
			);
			sourceTree = "<group>";
		};
		55D001072223E68B00BA00E6 /* Products */ = {
			isa = PBXGroup;
			children = (
				55D001062223E68B00BA00E6 /* mokumoku-app-ios.app */,
				55D0011A2223E68B00BA00E6 /* mokumoku-app-iosTests.xctest */,
				55D001252223E68C00BA00E6 /* mokumoku-app-iosUITests.xctest */,
				556C93132224125D00ACD2DA /* Mastodon.framework */,
				556C931B2224125D00ACD2DA /* MastodonTests.xctest */,
			);
			name = Products;
			sourceTree = "<group>";
		};
		55D001082223E68B00BA00E6 /* mokumoku-app-ios */ = {
			isa = PBXGroup;
			children = (
				556C9342222592EC00ACD2DA /* Extension */,
				556C934F2226E7D700ACD2DA /* Color */,
				556C934C2226E73300ACD2DA /* Navigation */,
				55D001092223E68B00BA00E6 /* AppDelegate.swift */,
				55D0010B2223E68B00BA00E6 /* ViewController.swift */,
				55D0010D2223E68B00BA00E6 /* Main.storyboard */,
				55D001102223E68B00BA00E6 /* Assets.xcassets */,
				55D001122223E68B00BA00E6 /* LaunchScreen.storyboard */,
				55D001152223E68B00BA00E6 /* Info.plist */,
			);
			path = "mokumoku-app-ios";
			sourceTree = "<group>";
		};
		55D0011D2223E68B00BA00E6 /* mokumoku-app-iosTests */ = {
			isa = PBXGroup;
			children = (
				55D0011E2223E68B00BA00E6 /* mokumoku_app_iosTests.swift */,
				55D001202223E68C00BA00E6 /* Info.plist */,
			);
			path = "mokumoku-app-iosTests";
			sourceTree = "<group>";
		};
		55D001282223E68C00BA00E6 /* mokumoku-app-iosUITests */ = {
			isa = PBXGroup;
			children = (
				55D001292223E68C00BA00E6 /* mokumoku_app_iosUITests.swift */,
				55D0012B2223E68C00BA00E6 /* Info.plist */,
			);
			path = "mokumoku-app-iosUITests";
			sourceTree = "<group>";
		};
/* End PBXGroup section */

/* Begin PBXHeadersBuildPhase section */
		556C930E2224125D00ACD2DA /* Headers */ = {
			isa = PBXHeadersBuildPhase;
			buildActionMask = 2147483647;
			files = (
				556C93252224125D00ACD2DA /* Mastodon.h in Headers */,
			);
			runOnlyForDeploymentPostprocessing = 0;
		};
/* End PBXHeadersBuildPhase section */

/* Begin PBXNativeTarget section */
		556C93122224125D00ACD2DA /* Mastodon */ = {
			isa = PBXNativeTarget;
			buildConfigurationList = 556C932A2224125E00ACD2DA /* Build configuration list for PBXNativeTarget "Mastodon" */;
			buildPhases = (
				556C930E2224125D00ACD2DA /* Headers */,
				556C930F2224125D00ACD2DA /* Sources */,
				556C93102224125D00ACD2DA /* Frameworks */,
				556C93112224125D00ACD2DA /* Resources */,
			);
			buildRules = (
			);
			dependencies = (
			);
			name = Mastodon;
			productName = Mastodon;
			productReference = 556C93132224125D00ACD2DA /* Mastodon.framework */;
			productType = "com.apple.product-type.framework";
		};
		556C931A2224125D00ACD2DA /* MastodonTests */ = {
			isa = PBXNativeTarget;
			buildConfigurationList = 556C932D2224125E00ACD2DA /* Build configuration list for PBXNativeTarget "MastodonTests" */;
			buildPhases = (
				556C93172224125D00ACD2DA /* Sources */,
				556C93182224125D00ACD2DA /* Frameworks */,
				556C93192224125D00ACD2DA /* Resources */,
			);
			buildRules = (
			);
			dependencies = (
				556C931E2224125D00ACD2DA /* PBXTargetDependency */,
				556C93202224125D00ACD2DA /* PBXTargetDependency */,
			);
			name = MastodonTests;
			productName = MastodonTests;
			productReference = 556C931B2224125D00ACD2DA /* MastodonTests.xctest */;
			productType = "com.apple.product-type.bundle.unit-test";
		};
		55D001052223E68B00BA00E6 /* mokumoku-app-ios */ = {
			isa = PBXNativeTarget;
			buildConfigurationList = 55D0012E2223E68C00BA00E6 /* Build configuration list for PBXNativeTarget "mokumoku-app-ios" */;
			buildPhases = (
				55D001022223E68B00BA00E6 /* Sources */,
				55D001032223E68B00BA00E6 /* Frameworks */,
				55D001042223E68B00BA00E6 /* Resources */,
				55C77FB12224108C0001990F /* CopyFiles */,
			);
			buildRules = (
			);
			dependencies = (
				556C93272224125D00ACD2DA /* PBXTargetDependency */,
			);
			name = "mokumoku-app-ios";
			productName = "mokumoku-app-ios";
			productReference = 55D001062223E68B00BA00E6 /* mokumoku-app-ios.app */;
			productType = "com.apple.product-type.application";
		};
		55D001192223E68B00BA00E6 /* mokumoku-app-iosTests */ = {
			isa = PBXNativeTarget;
			buildConfigurationList = 55D001312223E68C00BA00E6 /* Build configuration list for PBXNativeTarget "mokumoku-app-iosTests" */;
			buildPhases = (
				55D001162223E68B00BA00E6 /* Sources */,
				55D001172223E68B00BA00E6 /* Frameworks */,
				55D001182223E68B00BA00E6 /* Resources */,
			);
			buildRules = (
			);
			dependencies = (
				55D0011C2223E68B00BA00E6 /* PBXTargetDependency */,
			);
			name = "mokumoku-app-iosTests";
			productName = "mokumoku-app-iosTests";
			productReference = 55D0011A2223E68B00BA00E6 /* mokumoku-app-iosTests.xctest */;
			productType = "com.apple.product-type.bundle.unit-test";
		};
		55D001242223E68C00BA00E6 /* mokumoku-app-iosUITests */ = {
			isa = PBXNativeTarget;
			buildConfigurationList = 55D001342223E68C00BA00E6 /* Build configuration list for PBXNativeTarget "mokumoku-app-iosUITests" */;
			buildPhases = (
				55D001212223E68C00BA00E6 /* Sources */,
				55D001222223E68C00BA00E6 /* Frameworks */,
				55D001232223E68C00BA00E6 /* Resources */,
			);
			buildRules = (
			);
			dependencies = (
				55D001272223E68C00BA00E6 /* PBXTargetDependency */,
			);
			name = "mokumoku-app-iosUITests";
			productName = "mokumoku-app-iosUITests";
			productReference = 55D001252223E68C00BA00E6 /* mokumoku-app-iosUITests.xctest */;
			productType = "com.apple.product-type.bundle.ui-testing";
		};
/* End PBXNativeTarget section */

/* Begin PBXProject section */
		55D000FE2223E68B00BA00E6 /* Project object */ = {
			isa = PBXProject;
			attributes = {
				LastSwiftUpdateCheck = 1010;
				LastUpgradeCheck = 1010;
				ORGANIZATIONNAME = YMoku;
				TargetAttributes = {
					556C93122224125D00ACD2DA = {
						CreatedOnToolsVersion = 10.1;
						LastSwiftMigration = 1010;
					};
					556C931A2224125D00ACD2DA = {
						CreatedOnToolsVersion = 10.1;
						TestTargetID = 55D001052223E68B00BA00E6;
					};
					55D001052223E68B00BA00E6 = {
						CreatedOnToolsVersion = 10.1;
					};
					55D001192223E68B00BA00E6 = {
						CreatedOnToolsVersion = 10.1;
						TestTargetID = 55D001052223E68B00BA00E6;
					};
					55D001242223E68C00BA00E6 = {
						CreatedOnToolsVersion = 10.1;
						TestTargetID = 55D001052223E68B00BA00E6;
					};
				};
			};
			buildConfigurationList = 55D001012223E68B00BA00E6 /* Build configuration list for PBXProject "mokumoku-app-ios" */;
			compatibilityVersion = "Xcode 9.3";
			developmentRegion = en;
			hasScannedForEncodings = 0;
			knownRegions = (
				en,
				Base,
			);
			mainGroup = 55D000FD2223E68B00BA00E6;
			productRefGroup = 55D001072223E68B00BA00E6 /* Products */;
			projectDirPath = "";
			projectRoot = "";
			targets = (
				55D001052223E68B00BA00E6 /* mokumoku-app-ios */,
				55D001192223E68B00BA00E6 /* mokumoku-app-iosTests */,
				55D001242223E68C00BA00E6 /* mokumoku-app-iosUITests */,
				556C93122224125D00ACD2DA /* Mastodon */,
				556C931A2224125D00ACD2DA /* MastodonTests */,
			);
		};
/* End PBXProject section */

/* Begin PBXResourcesBuildPhase section */
		556C93112224125D00ACD2DA /* Resources */ = {
			isa = PBXResourcesBuildPhase;
			buildActionMask = 2147483647;
			files = (
			);
			runOnlyForDeploymentPostprocessing = 0;
		};
		556C93192224125D00ACD2DA /* Resources */ = {
			isa = PBXResourcesBuildPhase;
			buildActionMask = 2147483647;
			files = (
			);
			runOnlyForDeploymentPostprocessing = 0;
		};
		55D001042223E68B00BA00E6 /* Resources */ = {
			isa = PBXResourcesBuildPhase;
			buildActionMask = 2147483647;
			files = (
				55D001142223E68B00BA00E6 /* LaunchScreen.storyboard in Resources */,
				55D001112223E68B00BA00E6 /* Assets.xcassets in Resources */,
				55D0010F2223E68B00BA00E6 /* Main.storyboard in Resources */,
			);
			runOnlyForDeploymentPostprocessing = 0;
		};
		55D001182223E68B00BA00E6 /* Resources */ = {
			isa = PBXResourcesBuildPhase;
			buildActionMask = 2147483647;
			files = (
			);
			runOnlyForDeploymentPostprocessing = 0;
		};
		55D001232223E68C00BA00E6 /* Resources */ = {
			isa = PBXResourcesBuildPhase;
			buildActionMask = 2147483647;
			files = (
			);
			runOnlyForDeploymentPostprocessing = 0;
		};
/* End PBXResourcesBuildPhase section */

/* Begin PBXSourcesBuildPhase section */
		556C930F2224125D00ACD2DA /* Sources */ = {
			isa = PBXSourcesBuildPhase;
			buildActionMask = 2147483647;
			files = (
				556C93382225856000ACD2DA /* MastodonData.swift in Sources */,
				556C933F222589F800ACD2DA /* MastodonStreamingURLQueryParams.swift in Sources */,
				556C9331222412AA00ACD2DA /* MastodonStreamingReader.swift in Sources */,
				556C933422243F3600ACD2DA /* MastodonStreamingURLBuidler.swift in Sources */,
				556C933B2225862A00ACD2DA /* MastodonURLBuilder.swift in Sources */,
				556C93462226C29100ACD2DA /* MastodonError.swift in Sources */,
				556C933622257A8100ACD2DA /* MastodonStreamingType.swift in Sources */,
				556C933D2225869900ACD2DA /* MastodonStreamingReaderDelegate.swift in Sources */,
			);
			runOnlyForDeploymentPostprocessing = 0;
		};
		556C93172224125D00ACD2DA /* Sources */ = {
			isa = PBXSourcesBuildPhase;
			buildActionMask = 2147483647;
			files = (
				556C93232224125D00ACD2DA /* MastodonTests.swift in Sources */,
			);
			runOnlyForDeploymentPostprocessing = 0;
		};
		55D001022223E68B00BA00E6 /* Sources */ = {
			isa = PBXSourcesBuildPhase;
			buildActionMask = 2147483647;
			files = (
				556C93532226E86700ACD2DA /* UIColor+rgb+hex.swift in Sources */,
				556C93552226E8F800ACD2DA /* YMokuNavigationBarTitleTextAttribute.swift in Sources */,
				55D0010C2223E68B00BA00E6 /* ViewController.swift in Sources */,
				556C934E2226E77F00ACD2DA /* YMokuNavigationController.swift in Sources */,
				556C93442225942200ACD2DA /* String+URLEncoded.swift in Sources */,
				556C93512226E7E700ACD2DA /* YMokuColor.swift in Sources */,
				55D0010A2223E68B00BA00E6 /* AppDelegate.swift in Sources */,
				556C934B2226D11900ACD2DA /* UIViewController+NavigationBarItem.swift in Sources */,
			);
			runOnlyForDeploymentPostprocessing = 0;
		};
		55D001162223E68B00BA00E6 /* Sources */ = {
			isa = PBXSourcesBuildPhase;
			buildActionMask = 2147483647;
			files = (
				55D0011F2223E68B00BA00E6 /* mokumoku_app_iosTests.swift in Sources */,
			);
			runOnlyForDeploymentPostprocessing = 0;
		};
		55D001212223E68C00BA00E6 /* Sources */ = {
			isa = PBXSourcesBuildPhase;
			buildActionMask = 2147483647;
			files = (
				55D0012A2223E68C00BA00E6 /* mokumoku_app_iosUITests.swift in Sources */,
			);
			runOnlyForDeploymentPostprocessing = 0;
		};
/* End PBXSourcesBuildPhase section */

/* Begin PBXTargetDependency section */
		556C931E2224125D00ACD2DA /* PBXTargetDependency */ = {
			isa = PBXTargetDependency;
			target = 556C93122224125D00ACD2DA /* Mastodon */;
			targetProxy = 556C931D2224125D00ACD2DA /* PBXContainerItemProxy */;
		};
		556C93202224125D00ACD2DA /* PBXTargetDependency */ = {
			isa = PBXTargetDependency;
			target = 55D001052223E68B00BA00E6 /* mokumoku-app-ios */;
			targetProxy = 556C931F2224125D00ACD2DA /* PBXContainerItemProxy */;
		};
		556C93272224125D00ACD2DA /* PBXTargetDependency */ = {
			isa = PBXTargetDependency;
			target = 556C93122224125D00ACD2DA /* Mastodon */;
			targetProxy = 556C93262224125D00ACD2DA /* PBXContainerItemProxy */;
		};
		55D0011C2223E68B00BA00E6 /* PBXTargetDependency */ = {
			isa = PBXTargetDependency;
			target = 55D001052223E68B00BA00E6 /* mokumoku-app-ios */;
			targetProxy = 55D0011B2223E68B00BA00E6 /* PBXContainerItemProxy */;
		};
		55D001272223E68C00BA00E6 /* PBXTargetDependency */ = {
			isa = PBXTargetDependency;
			target = 55D001052223E68B00BA00E6 /* mokumoku-app-ios */;
			targetProxy = 55D001262223E68C00BA00E6 /* PBXContainerItemProxy */;
		};
/* End PBXTargetDependency section */

/* Begin PBXVariantGroup section */
		55D0010D2223E68B00BA00E6 /* Main.storyboard */ = {
			isa = PBXVariantGroup;
			children = (
				55D0010E2223E68B00BA00E6 /* Base */,
			);
			name = Main.storyboard;
			sourceTree = "<group>";
		};
		55D001122223E68B00BA00E6 /* LaunchScreen.storyboard */ = {
			isa = PBXVariantGroup;
			children = (
				55D001132223E68B00BA00E6 /* Base */,
			);
			name = LaunchScreen.storyboard;
			sourceTree = "<group>";
		};
/* End PBXVariantGroup section */

/* Begin XCBuildConfiguration section */
		556C932B2224125E00ACD2DA /* Debug */ = {
			isa = XCBuildConfiguration;
			buildSettings = {
				CLANG_ENABLE_MODULES = YES;
				CODE_SIGN_IDENTITY = "";
				CODE_SIGN_STYLE = Automatic;
				CURRENT_PROJECT_VERSION = 1;
				DEFINES_MODULE = YES;
				DEVELOPMENT_TEAM = 3BTZN69U72;
				DYLIB_COMPATIBILITY_VERSION = 1;
				DYLIB_CURRENT_VERSION = 1;
				DYLIB_INSTALL_NAME_BASE = "@rpath";
				FRAMEWORK_SEARCH_PATHS = (
					"$(inherited)",
					"$(PROJECT_DIR)/Carthage/Build/iOS",
				);
				INFOPLIST_FILE = Mastodon/Info.plist;
				INSTALL_PATH = "$(LOCAL_LIBRARY_DIR)/Frameworks";
				LD_RUNPATH_SEARCH_PATHS = (
					"$(inherited)",
					"@executable_path/Frameworks",
					"@loader_path/Frameworks",
				);
				PRODUCT_BUNDLE_IDENTIFIER = com.ymoku.Mastodon;
				PRODUCT_NAME = "$(TARGET_NAME:c99extidentifier)";
				SKIP_INSTALL = YES;
				SWIFT_OPTIMIZATION_LEVEL = "-Onone";
				SWIFT_VERSION = 4.2;
				TARGETED_DEVICE_FAMILY = "1,2";
				VERSIONING_SYSTEM = "apple-generic";
				VERSION_INFO_PREFIX = "";
			};
			name = Debug;
		};
		556C932C2224125E00ACD2DA /* Release */ = {
			isa = XCBuildConfiguration;
			buildSettings = {
				CLANG_ENABLE_MODULES = YES;
				CODE_SIGN_IDENTITY = "";
				CODE_SIGN_STYLE = Automatic;
				CURRENT_PROJECT_VERSION = 1;
				DEFINES_MODULE = YES;
				DEVELOPMENT_TEAM = 3BTZN69U72;
				DYLIB_COMPATIBILITY_VERSION = 1;
				DYLIB_CURRENT_VERSION = 1;
				DYLIB_INSTALL_NAME_BASE = "@rpath";
				FRAMEWORK_SEARCH_PATHS = (
					"$(inherited)",
					"$(PROJECT_DIR)/Carthage/Build/iOS",
				);
				INFOPLIST_FILE = Mastodon/Info.plist;
				INSTALL_PATH = "$(LOCAL_LIBRARY_DIR)/Frameworks";
				LD_RUNPATH_SEARCH_PATHS = (
					"$(inherited)",
					"@executable_path/Frameworks",
					"@loader_path/Frameworks",
				);
				PRODUCT_BUNDLE_IDENTIFIER = com.ymoku.Mastodon;
				PRODUCT_NAME = "$(TARGET_NAME:c99extidentifier)";
				SKIP_INSTALL = YES;
				SWIFT_VERSION = 4.2;
				TARGETED_DEVICE_FAMILY = "1,2";
				VERSIONING_SYSTEM = "apple-generic";
				VERSION_INFO_PREFIX = "";
			};
			name = Release;
		};
		556C932E2224125E00ACD2DA /* Debug */ = {
			isa = XCBuildConfiguration;
			buildSettings = {
				ALWAYS_EMBED_SWIFT_STANDARD_LIBRARIES = YES;
				CODE_SIGN_STYLE = Automatic;
				DEVELOPMENT_TEAM = 3BTZN69U72;
				INFOPLIST_FILE = MastodonTests/Info.plist;
				LD_RUNPATH_SEARCH_PATHS = (
					"$(inherited)",
					"@executable_path/Frameworks",
					"@loader_path/Frameworks",
				);
				PRODUCT_BUNDLE_IDENTIFIER = com.ymoku.MastodonTests;
				PRODUCT_NAME = "$(TARGET_NAME)";
				SWIFT_VERSION = 4.2;
				TARGETED_DEVICE_FAMILY = "1,2";
				TEST_HOST = "$(BUILT_PRODUCTS_DIR)/mokumoku-app-ios.app/mokumoku-app-ios";
			};
			name = Debug;
		};
		556C932F2224125E00ACD2DA /* Release */ = {
			isa = XCBuildConfiguration;
			buildSettings = {
				ALWAYS_EMBED_SWIFT_STANDARD_LIBRARIES = YES;
				CODE_SIGN_STYLE = Automatic;
				DEVELOPMENT_TEAM = 3BTZN69U72;
				INFOPLIST_FILE = MastodonTests/Info.plist;
				LD_RUNPATH_SEARCH_PATHS = (
					"$(inherited)",
					"@executable_path/Frameworks",
					"@loader_path/Frameworks",
				);
				PRODUCT_BUNDLE_IDENTIFIER = com.ymoku.MastodonTests;
				PRODUCT_NAME = "$(TARGET_NAME)";
				SWIFT_VERSION = 4.2;
				TARGETED_DEVICE_FAMILY = "1,2";
				TEST_HOST = "$(BUILT_PRODUCTS_DIR)/mokumoku-app-ios.app/mokumoku-app-ios";
			};
			name = Release;
		};
		55D0012C2223E68C00BA00E6 /* Debug */ = {
			isa = XCBuildConfiguration;
			buildSettings = {
				ALWAYS_SEARCH_USER_PATHS = NO;
				CLANG_ANALYZER_NONNULL = YES;
				CLANG_ANALYZER_NUMBER_OBJECT_CONVERSION = YES_AGGRESSIVE;
				CLANG_CXX_LANGUAGE_STANDARD = "gnu++14";
				CLANG_CXX_LIBRARY = "libc++";
				CLANG_ENABLE_MODULES = YES;
				CLANG_ENABLE_OBJC_ARC = YES;
				CLANG_ENABLE_OBJC_WEAK = YES;
				CLANG_WARN_BLOCK_CAPTURE_AUTORELEASING = YES;
				CLANG_WARN_BOOL_CONVERSION = YES;
				CLANG_WARN_COMMA = YES;
				CLANG_WARN_CONSTANT_CONVERSION = YES;
				CLANG_WARN_DEPRECATED_OBJC_IMPLEMENTATIONS = YES;
				CLANG_WARN_DIRECT_OBJC_ISA_USAGE = YES_ERROR;
				CLANG_WARN_DOCUMENTATION_COMMENTS = YES;
				CLANG_WARN_EMPTY_BODY = YES;
				CLANG_WARN_ENUM_CONVERSION = YES;
				CLANG_WARN_INFINITE_RECURSION = YES;
				CLANG_WARN_INT_CONVERSION = YES;
				CLANG_WARN_NON_LITERAL_NULL_CONVERSION = YES;
				CLANG_WARN_OBJC_IMPLICIT_RETAIN_SELF = YES;
				CLANG_WARN_OBJC_LITERAL_CONVERSION = YES;
				CLANG_WARN_OBJC_ROOT_CLASS = YES_ERROR;
				CLANG_WARN_RANGE_LOOP_ANALYSIS = YES;
				CLANG_WARN_STRICT_PROTOTYPES = YES;
				CLANG_WARN_SUSPICIOUS_MOVE = YES;
				CLANG_WARN_UNGUARDED_AVAILABILITY = YES_AGGRESSIVE;
				CLANG_WARN_UNREACHABLE_CODE = YES;
				CLANG_WARN__DUPLICATE_METHOD_MATCH = YES;
				CODE_SIGN_IDENTITY = "iPhone Developer";
				COPY_PHASE_STRIP = NO;
				DEBUG_INFORMATION_FORMAT = dwarf;
				ENABLE_STRICT_OBJC_MSGSEND = YES;
				ENABLE_TESTABILITY = YES;
				GCC_C_LANGUAGE_STANDARD = gnu11;
				GCC_DYNAMIC_NO_PIC = NO;
				GCC_NO_COMMON_BLOCKS = YES;
				GCC_OPTIMIZATION_LEVEL = 0;
				GCC_PREPROCESSOR_DEFINITIONS = (
					"DEBUG=1",
					"$(inherited)",
				);
				GCC_WARN_64_TO_32_BIT_CONVERSION = YES;
				GCC_WARN_ABOUT_RETURN_TYPE = YES_ERROR;
				GCC_WARN_UNDECLARED_SELECTOR = YES;
				GCC_WARN_UNINITIALIZED_AUTOS = YES_AGGRESSIVE;
				GCC_WARN_UNUSED_FUNCTION = YES;
				GCC_WARN_UNUSED_VARIABLE = YES;
				IPHONEOS_DEPLOYMENT_TARGET = 12.1;
				MTL_ENABLE_DEBUG_INFO = INCLUDE_SOURCE;
				MTL_FAST_MATH = YES;
				ONLY_ACTIVE_ARCH = YES;
				SDKROOT = iphoneos;
				SWIFT_ACTIVE_COMPILATION_CONDITIONS = DEBUG;
				SWIFT_OPTIMIZATION_LEVEL = "-Onone";
			};
			name = Debug;
		};
		55D0012D2223E68C00BA00E6 /* Release */ = {
			isa = XCBuildConfiguration;
			buildSettings = {
				ALWAYS_SEARCH_USER_PATHS = NO;
				CLANG_ANALYZER_NONNULL = YES;
				CLANG_ANALYZER_NUMBER_OBJECT_CONVERSION = YES_AGGRESSIVE;
				CLANG_CXX_LANGUAGE_STANDARD = "gnu++14";
				CLANG_CXX_LIBRARY = "libc++";
				CLANG_ENABLE_MODULES = YES;
				CLANG_ENABLE_OBJC_ARC = YES;
				CLANG_ENABLE_OBJC_WEAK = YES;
				CLANG_WARN_BLOCK_CAPTURE_AUTORELEASING = YES;
				CLANG_WARN_BOOL_CONVERSION = YES;
				CLANG_WARN_COMMA = YES;
				CLANG_WARN_CONSTANT_CONVERSION = YES;
				CLANG_WARN_DEPRECATED_OBJC_IMPLEMENTATIONS = YES;
				CLANG_WARN_DIRECT_OBJC_ISA_USAGE = YES_ERROR;
				CLANG_WARN_DOCUMENTATION_COMMENTS = YES;
				CLANG_WARN_EMPTY_BODY = YES;
				CLANG_WARN_ENUM_CONVERSION = YES;
				CLANG_WARN_INFINITE_RECURSION = YES;
				CLANG_WARN_INT_CONVERSION = YES;
				CLANG_WARN_NON_LITERAL_NULL_CONVERSION = YES;
				CLANG_WARN_OBJC_IMPLICIT_RETAIN_SELF = YES;
				CLANG_WARN_OBJC_LITERAL_CONVERSION = YES;
				CLANG_WARN_OBJC_ROOT_CLASS = YES_ERROR;
				CLANG_WARN_RANGE_LOOP_ANALYSIS = YES;
				CLANG_WARN_STRICT_PROTOTYPES = YES;
				CLANG_WARN_SUSPICIOUS_MOVE = YES;
				CLANG_WARN_UNGUARDED_AVAILABILITY = YES_AGGRESSIVE;
				CLANG_WARN_UNREACHABLE_CODE = YES;
				CLANG_WARN__DUPLICATE_METHOD_MATCH = YES;
				CODE_SIGN_IDENTITY = "iPhone Developer";
				COPY_PHASE_STRIP = NO;
				DEBUG_INFORMATION_FORMAT = "dwarf-with-dsym";
				ENABLE_NS_ASSERTIONS = NO;
				ENABLE_STRICT_OBJC_MSGSEND = YES;
				GCC_C_LANGUAGE_STANDARD = gnu11;
				GCC_NO_COMMON_BLOCKS = YES;
				GCC_WARN_64_TO_32_BIT_CONVERSION = YES;
				GCC_WARN_ABOUT_RETURN_TYPE = YES_ERROR;
				GCC_WARN_UNDECLARED_SELECTOR = YES;
				GCC_WARN_UNINITIALIZED_AUTOS = YES_AGGRESSIVE;
				GCC_WARN_UNUSED_FUNCTION = YES;
				GCC_WARN_UNUSED_VARIABLE = YES;
				IPHONEOS_DEPLOYMENT_TARGET = 12.1;
				MTL_ENABLE_DEBUG_INFO = NO;
				MTL_FAST_MATH = YES;
				SDKROOT = iphoneos;
				SWIFT_COMPILATION_MODE = wholemodule;
				SWIFT_OPTIMIZATION_LEVEL = "-O";
				VALIDATE_PRODUCT = YES;
			};
			name = Release;
		};
		55D0012F2223E68C00BA00E6 /* Debug */ = {
			isa = XCBuildConfiguration;
			buildSettings = {
				ALWAYS_EMBED_SWIFT_STANDARD_LIBRARIES = YES;
				ASSETCATALOG_COMPILER_APPICON_NAME = AppIcon;
				CODE_SIGN_STYLE = Automatic;
				DEVELOPMENT_TEAM = 3BTZN69U72;
				FRAMEWORK_SEARCH_PATHS = (
					"$(inherited)",
					"$(PROJECT_DIR)/Carthage/Build/iOS",
				);
				INFOPLIST_FILE = "mokumoku-app-ios/Info.plist";
				LD_RUNPATH_SEARCH_PATHS = (
					"$(inherited)",
					"@executable_path/Frameworks",
				);
				PRODUCT_BUNDLE_IDENTIFIER = "com.ymoku.mokumoku-app-ios";
				PRODUCT_NAME = "$(TARGET_NAME)";
				SWIFT_VERSION = 4.2;
				TARGETED_DEVICE_FAMILY = "1,2";
			};
			name = Debug;
		};
		55D001302223E68C00BA00E6 /* Release */ = {
			isa = XCBuildConfiguration;
			buildSettings = {
				ALWAYS_EMBED_SWIFT_STANDARD_LIBRARIES = YES;
				ASSETCATALOG_COMPILER_APPICON_NAME = AppIcon;
				CODE_SIGN_STYLE = Automatic;
				DEVELOPMENT_TEAM = 3BTZN69U72;
				FRAMEWORK_SEARCH_PATHS = (
					"$(inherited)",
					"$(PROJECT_DIR)/Carthage/Build/iOS",
				);
				INFOPLIST_FILE = "mokumoku-app-ios/Info.plist";
				LD_RUNPATH_SEARCH_PATHS = (
					"$(inherited)",
					"@executable_path/Frameworks",
				);
				PRODUCT_BUNDLE_IDENTIFIER = "com.ymoku.mokumoku-app-ios";
				PRODUCT_NAME = "$(TARGET_NAME)";
				SWIFT_VERSION = 4.2;
				TARGETED_DEVICE_FAMILY = "1,2";
			};
			name = Release;
		};
		55D001322223E68C00BA00E6 /* Debug */ = {
			isa = XCBuildConfiguration;
			buildSettings = {
				ALWAYS_EMBED_SWIFT_STANDARD_LIBRARIES = YES;
				BUNDLE_LOADER = "$(TEST_HOST)";
				CODE_SIGN_STYLE = Automatic;
				DEVELOPMENT_TEAM = 3BTZN69U72;
				INFOPLIST_FILE = "mokumoku-app-iosTests/Info.plist";
				LD_RUNPATH_SEARCH_PATHS = (
					"$(inherited)",
					"@executable_path/Frameworks",
					"@loader_path/Frameworks",
				);
				PRODUCT_BUNDLE_IDENTIFIER = "com.ymoku.mokumoku-app-iosTests";
				PRODUCT_NAME = "$(TARGET_NAME)";
				SWIFT_VERSION = 4.2;
				TARGETED_DEVICE_FAMILY = "1,2";
				TEST_HOST = "$(BUILT_PRODUCTS_DIR)/mokumoku-app-ios.app/mokumoku-app-ios";
			};
			name = Debug;
		};
		55D001332223E68C00BA00E6 /* Release */ = {
			isa = XCBuildConfiguration;
			buildSettings = {
				ALWAYS_EMBED_SWIFT_STANDARD_LIBRARIES = YES;
				BUNDLE_LOADER = "$(TEST_HOST)";
				CODE_SIGN_STYLE = Automatic;
				DEVELOPMENT_TEAM = 3BTZN69U72;
				INFOPLIST_FILE = "mokumoku-app-iosTests/Info.plist";
				LD_RUNPATH_SEARCH_PATHS = (
					"$(inherited)",
					"@executable_path/Frameworks",
					"@loader_path/Frameworks",
				);
				PRODUCT_BUNDLE_IDENTIFIER = "com.ymoku.mokumoku-app-iosTests";
				PRODUCT_NAME = "$(TARGET_NAME)";
				SWIFT_VERSION = 4.2;
				TARGETED_DEVICE_FAMILY = "1,2";
				TEST_HOST = "$(BUILT_PRODUCTS_DIR)/mokumoku-app-ios.app/mokumoku-app-ios";
			};
			name = Release;
		};
		55D001352223E68C00BA00E6 /* Debug */ = {
			isa = XCBuildConfiguration;
			buildSettings = {
				ALWAYS_EMBED_SWIFT_STANDARD_LIBRARIES = YES;
				CODE_SIGN_STYLE = Automatic;
				DEVELOPMENT_TEAM = 3BTZN69U72;
				INFOPLIST_FILE = "mokumoku-app-iosUITests/Info.plist";
				LD_RUNPATH_SEARCH_PATHS = (
					"$(inherited)",
					"@executable_path/Frameworks",
					"@loader_path/Frameworks",
				);
				PRODUCT_BUNDLE_IDENTIFIER = "com.ymoku.mokumoku-app-iosUITests";
				PRODUCT_NAME = "$(TARGET_NAME)";
				SWIFT_VERSION = 4.2;
				TARGETED_DEVICE_FAMILY = "1,2";
				TEST_TARGET_NAME = "mokumoku-app-ios";
			};
			name = Debug;
		};
		55D001362223E68C00BA00E6 /* Release */ = {
			isa = XCBuildConfiguration;
			buildSettings = {
				ALWAYS_EMBED_SWIFT_STANDARD_LIBRARIES = YES;
				CODE_SIGN_STYLE = Automatic;
				DEVELOPMENT_TEAM = 3BTZN69U72;
				INFOPLIST_FILE = "mokumoku-app-iosUITests/Info.plist";
				LD_RUNPATH_SEARCH_PATHS = (
					"$(inherited)",
					"@executable_path/Frameworks",
					"@loader_path/Frameworks",
				);
				PRODUCT_BUNDLE_IDENTIFIER = "com.ymoku.mokumoku-app-iosUITests";
				PRODUCT_NAME = "$(TARGET_NAME)";
				SWIFT_VERSION = 4.2;
				TARGETED_DEVICE_FAMILY = "1,2";
				TEST_TARGET_NAME = "mokumoku-app-ios";
			};
			name = Release;
		};
/* End XCBuildConfiguration section */

/* Begin XCConfigurationList section */
		556C932A2224125E00ACD2DA /* Build configuration list for PBXNativeTarget "Mastodon" */ = {
			isa = XCConfigurationList;
			buildConfigurations = (
				556C932B2224125E00ACD2DA /* Debug */,
				556C932C2224125E00ACD2DA /* Release */,
			);
			defaultConfigurationIsVisible = 0;
			defaultConfigurationName = Release;
		};
		556C932D2224125E00ACD2DA /* Build configuration list for PBXNativeTarget "MastodonTests" */ = {
			isa = XCConfigurationList;
			buildConfigurations = (
				556C932E2224125E00ACD2DA /* Debug */,
				556C932F2224125E00ACD2DA /* Release */,
			);
			defaultConfigurationIsVisible = 0;
			defaultConfigurationName = Release;
		};
		55D001012223E68B00BA00E6 /* Build configuration list for PBXProject "mokumoku-app-ios" */ = {
			isa = XCConfigurationList;
			buildConfigurations = (
				55D0012C2223E68C00BA00E6 /* Debug */,
				55D0012D2223E68C00BA00E6 /* Release */,
			);
			defaultConfigurationIsVisible = 0;
			defaultConfigurationName = Release;
		};
		55D0012E2223E68C00BA00E6 /* Build configuration list for PBXNativeTarget "mokumoku-app-ios" */ = {
			isa = XCConfigurationList;
			buildConfigurations = (
				55D0012F2223E68C00BA00E6 /* Debug */,
				55D001302223E68C00BA00E6 /* Release */,
			);
			defaultConfigurationIsVisible = 0;
			defaultConfigurationName = Release;
		};
		55D001312223E68C00BA00E6 /* Build configuration list for PBXNativeTarget "mokumoku-app-iosTests" */ = {
			isa = XCConfigurationList;
			buildConfigurations = (
				55D001322223E68C00BA00E6 /* Debug */,
				55D001332223E68C00BA00E6 /* Release */,
			);
			defaultConfigurationIsVisible = 0;
			defaultConfigurationName = Release;
		};
		55D001342223E68C00BA00E6 /* Build configuration list for PBXNativeTarget "mokumoku-app-iosUITests" */ = {
			isa = XCConfigurationList;
			buildConfigurations = (
				55D001352223E68C00BA00E6 /* Debug */,
				55D001362223E68C00BA00E6 /* Release */,
			);
			defaultConfigurationIsVisible = 0;
			defaultConfigurationName = Release;
		};
/* End XCConfigurationList section */
	};
	rootObject = 55D000FE2223E68B00BA00E6 /* Project object */;
}
