// !$*UTF8*$!
{
	archiveVersion = 1;
	classes = {
	};
	objectVersion = 50;
	objects = {

/* Begin PBXBuildFile section */
		55D0010A2223E68B00BA00E6 /* AppDelegate.swift in Sources */ = {isa = PBXBuildFile; fileRef = 55D001092223E68B00BA00E6 /* AppDelegate.swift */; };
		55D0010C2223E68B00BA00E6 /* ViewController.swift in Sources */ = {isa = PBXBuildFile; fileRef = 55D0010B2223E68B00BA00E6 /* ViewController.swift */; };
		55D0010F2223E68B00BA00E6 /* Main.storyboard in Resources */ = {isa = PBXBuildFile; fileRef = 55D0010D2223E68B00BA00E6 /* Main.storyboard */; };
		55D001112223E68B00BA00E6 /* Assets.xcassets in Resources */ = {isa = PBXBuildFile; fileRef = 55D001102223E68B00BA00E6 /* Assets.xcassets */; };
		55D001142223E68B00BA00E6 /* LaunchScreen.storyboard in Resources */ = {isa = PBXBuildFile; fileRef = 55D001122223E68B00BA00E6 /* LaunchScreen.storyboard */; };
		55D0011F2223E68B00BA00E6 /* mokumoku_app_iosTests.swift in Sources */ = {isa = PBXBuildFile; fileRef = 55D0011E2223E68B00BA00E6 /* mokumoku_app_iosTests.swift */; };
		55D0012A2223E68C00BA00E6 /* mokumoku_app_iosUITests.swift in Sources */ = {isa = PBXBuildFile; fileRef = 55D001292223E68C00BA00E6 /* mokumoku_app_iosUITests.swift */; };
/* End PBXBuildFile section */

/* Begin PBXContainerItemProxy section */
		55D0011B2223E68B00BA00E6 /* PBXContainerItemProxy */ = {
			isa = PBXContainerItemProxy;
			containerPortal = 55D000FE2223E68B00BA00E6 /* Project object */;
			proxyType = 1;
			remoteGlobalIDString = 55D001052223E68B00BA00E6;
			remoteInfo = "mokumoku-app-ios";
		};
		55D001262223E68C00BA00E6 /* PBXContainerItemProxy */ = {
			isa = PBXContainerItemProxy;
			containerPortal = 55D000FE2223E68B00BA00E6 /* Project object */;
			proxyType = 1;
			remoteGlobalIDString = 55D001052223E68B00BA00E6;
			remoteInfo = "mokumoku-app-ios";
		};
/* End PBXContainerItemProxy section */

/* Begin PBXFileReference section */
		55D001062223E68B00BA00E6 /* mokumoku-app-ios.app */ = {isa = PBXFileReference; explicitFileType = wrapper.application; includeInIndex = 0; path = "mokumoku-app-ios.app"; sourceTree = BUILT_PRODUCTS_DIR; };
		55D001092223E68B00BA00E6 /* AppDelegate.swift */ = {isa = PBXFileReference; lastKnownFileType = sourcecode.swift; path = AppDelegate.swift; sourceTree = "<group>"; };
		55D0010B2223E68B00BA00E6 /* ViewController.swift */ = {isa = PBXFileReference; lastKnownFileType = sourcecode.swift; path = ViewController.swift; sourceTree = "<group>"; };
		55D0010E2223E68B00BA00E6 /* Base */ = {isa = PBXFileReference; lastKnownFileType = file.storyboard; name = Base; path = Base.lproj/Main.storyboard; sourceTree = "<group>"; };
		55D001102223E68B00BA00E6 /* Assets.xcassets */ = {isa = PBXFileReference; lastKnownFileType = folder.assetcatalog; path = Assets.xcassets; sourceTree = "<group>"; };
		55D001132223E68B00BA00E6 /* Base */ = {isa = PBXFileReference; lastKnownFileType = file.storyboard; name = Base; path = Base.lproj/LaunchScreen.storyboard; sourceTree = "<group>"; };
		55D001152223E68B00BA00E6 /* Info.plist */ = {isa = PBXFileReference; lastKnownFileType = text.plist.xml; path = Info.plist; sourceTree = "<group>"; };
		55D0011A2223E68B00BA00E6 /* mokumoku-app-iosTests.xctest */ = {isa = PBXFileReference; explicitFileType = wrapper.cfbundle; includeInIndex = 0; path = "mokumoku-app-iosTests.xctest"; sourceTree = BUILT_PRODUCTS_DIR; };
		55D0011E2223E68B00BA00E6 /* mokumoku_app_iosTests.swift */ = {isa = PBXFileReference; lastKnownFileType = sourcecode.swift; path = mokumoku_app_iosTests.swift; sourceTree = "<group>"; };
		55D001202223E68C00BA00E6 /* Info.plist */ = {isa = PBXFileReference; lastKnownFileType = text.plist.xml; path = Info.plist; sourceTree = "<group>"; };
		55D001252223E68C00BA00E6 /* mokumoku-app-iosUITests.xctest */ = {isa = PBXFileReference; explicitFileType = wrapper.cfbundle; includeInIndex = 0; path = "mokumoku-app-iosUITests.xctest"; sourceTree = BUILT_PRODUCTS_DIR; };
		55D001292223E68C00BA00E6 /* mokumoku_app_iosUITests.swift */ = {isa = PBXFileReference; lastKnownFileType = sourcecode.swift; path = mokumoku_app_iosUITests.swift; sourceTree = "<group>"; };
		55D0012B2223E68C00BA00E6 /* Info.plist */ = {isa = PBXFileReference; lastKnownFileType = text.plist.xml; path = Info.plist; sourceTree = "<group>"; };
/* End PBXFileReference section */

/* Begin PBXFrameworksBuildPhase section */
		55D001032223E68B00BA00E6 /* Frameworks */ = {
			isa = PBXFrameworksBuildPhase;
			buildActionMask = 2147483647;
			files = (
			);
			runOnlyForDeploymentPostprocessing = 0;
		};
		55D001172223E68B00BA00E6 /* Frameworks */ = {
			isa = PBXFrameworksBuildPhase;
			buildActionMask = 2147483647;
			files = (
			);
			runOnlyForDeploymentPostprocessing = 0;
		};
		55D001222223E68C00BA00E6 /* Frameworks */ = {
			isa = PBXFrameworksBuildPhase;
			buildActionMask = 2147483647;
			files = (
			);
			runOnlyForDeploymentPostprocessing = 0;
		};
/* End PBXFrameworksBuildPhase section */

/* Begin PBXGroup section */
		55D000FD2223E68B00BA00E6 = {
			isa = PBXGroup;
			children = (
				55D001082223E68B00BA00E6 /* mokumoku-app-ios */,
				55D0011D2223E68B00BA00E6 /* mokumoku-app-iosTests */,
				55D001282223E68C00BA00E6 /* mokumoku-app-iosUITests */,
				55D001072223E68B00BA00E6 /* Products */,
			);
			sourceTree = "<group>";
		};
		55D001072223E68B00BA00E6 /* Products */ = {
			isa = PBXGroup;
			children = (
				55D001062223E68B00BA00E6 /* mokumoku-app-ios.app */,
				55D0011A2223E68B00BA00E6 /* mokumoku-app-iosTests.xctest */,
				55D001252223E68C00BA00E6 /* mokumoku-app-iosUITests.xctest */,
			);
			name = Products;
			sourceTree = "<group>";
		};
		55D001082223E68B00BA00E6 /* mokumoku-app-ios */ = {
			isa = PBXGroup;
			children = (
				55D001092223E68B00BA00E6 /* AppDelegate.swift */,
				55D0010B2223E68B00BA00E6 /* ViewController.swift */,
				55D0010D2223E68B00BA00E6 /* Main.storyboard */,
				55D001102223E68B00BA00E6 /* Assets.xcassets */,
				55D001122223E68B00BA00E6 /* LaunchScreen.storyboard */,
				55D001152223E68B00BA00E6 /* Info.plist */,
			);
			path = "mokumoku-app-ios";
			sourceTree = "<group>";
		};
		55D0011D2223E68B00BA00E6 /* mokumoku-app-iosTests */ = {
			isa = PBXGroup;
			children = (
				55D0011E2223E68B00BA00E6 /* mokumoku_app_iosTests.swift */,
				55D001202223E68C00BA00E6 /* Info.plist */,
			);
			path = "mokumoku-app-iosTests";
			sourceTree = "<group>";
		};
		55D001282223E68C00BA00E6 /* mokumoku-app-iosUITests */ = {
			isa = PBXGroup;
			children = (
				55D001292223E68C00BA00E6 /* mokumoku_app_iosUITests.swift */,
				55D0012B2223E68C00BA00E6 /* Info.plist */,
			);
			path = "mokumoku-app-iosUITests";
			sourceTree = "<group>";
		};
/* End PBXGroup section */

/* Begin PBXNativeTarget section */
		55D001052223E68B00BA00E6 /* mokumoku-app-ios */ = {
			isa = PBXNativeTarget;
			buildConfigurationList = 55D0012E2223E68C00BA00E6 /* Build configuration list for PBXNativeTarget "mokumoku-app-ios" */;
			buildPhases = (
				55D001022223E68B00BA00E6 /* Sources */,
				55D001032223E68B00BA00E6 /* Frameworks */,
				55D001042223E68B00BA00E6 /* Resources */,
			);
			buildRules = (
			);
			dependencies = (
			);
			name = "mokumoku-app-ios";
			productName = "mokumoku-app-ios";
			productReference = 55D001062223E68B00BA00E6 /* mokumoku-app-ios.app */;
			productType = "com.apple.product-type.application";
		};
		55D001192223E68B00BA00E6 /* mokumoku-app-iosTests */ = {
			isa = PBXNativeTarget;
			buildConfigurationList = 55D001312223E68C00BA00E6 /* Build configuration list for PBXNativeTarget "mokumoku-app-iosTests" */;
			buildPhases = (
				55D001162223E68B00BA00E6 /* Sources */,
				55D001172223E68B00BA00E6 /* Frameworks */,
				55D001182223E68B00BA00E6 /* Resources */,
			);
			buildRules = (
			);
			dependencies = (
				55D0011C2223E68B00BA00E6 /* PBXTargetDependency */,
			);
			name = "mokumoku-app-iosTests";
			productName = "mokumoku-app-iosTests";
			productReference = 55D0011A2223E68B00BA00E6 /* mokumoku-app-iosTests.xctest */;
			productType = "com.apple.product-type.bundle.unit-test";
		};
		55D001242223E68C00BA00E6 /* mokumoku-app-iosUITests */ = {
			isa = PBXNativeTarget;
			buildConfigurationList = 55D001342223E68C00BA00E6 /* Build configuration list for PBXNativeTarget "mokumoku-app-iosUITests" */;
			buildPhases = (
				55D001212223E68C00BA00E6 /* Sources */,
				55D001222223E68C00BA00E6 /* Frameworks */,
				55D001232223E68C00BA00E6 /* Resources */,
			);
			buildRules = (
			);
			dependencies = (
				55D001272223E68C00BA00E6 /* PBXTargetDependency */,
			);
			name = "mokumoku-app-iosUITests";
			productName = "mokumoku-app-iosUITests";
			productReference = 55D001252223E68C00BA00E6 /* mokumoku-app-iosUITests.xctest */;
			productType = "com.apple.product-type.bundle.ui-testing";
		};
/* End PBXNativeTarget section */

/* Begin PBXProject section */
		55D000FE2223E68B00BA00E6 /* Project object */ = {
			isa = PBXProject;
			attributes = {
				LastSwiftUpdateCheck = 1010;
				LastUpgradeCheck = 1010;
				ORGANIZATIONNAME = YMoku;
				TargetAttributes = {
					55D001052223E68B00BA00E6 = {
						CreatedOnToolsVersion = 10.1;
					};
					55D001192223E68B00BA00E6 = {
						CreatedOnToolsVersion = 10.1;
						TestTargetID = 55D001052223E68B00BA00E6;
					};
					55D001242223E68C00BA00E6 = {
						CreatedOnToolsVersion = 10.1;
						TestTargetID = 55D001052223E68B00BA00E6;
					};
				};
			};
			buildConfigurationList = 55D001012223E68B00BA00E6 /* Build configuration list for PBXProject "mokumoku-app-ios" */;
			compatibilityVersion = "Xcode 9.3";
			developmentRegion = en;
			hasScannedForEncodings = 0;
			knownRegions = (
				en,
				Base,
			);
			mainGroup = 55D000FD2223E68B00BA00E6;
			productRefGroup = 55D001072223E68B00BA00E6 /* Products */;
			projectDirPath = "";
			projectRoot = "";
			targets = (
				55D001052223E68B00BA00E6 /* mokumoku-app-ios */,
				55D001192223E68B00BA00E6 /* mokumoku-app-iosTests */,
				55D001242223E68C00BA00E6 /* mokumoku-app-iosUITests */,
			);
		};
/* End PBXProject section */

/* Begin PBXResourcesBuildPhase section */
		55D001042223E68B00BA00E6 /* Resources */ = {
			isa = PBXResourcesBuildPhase;
			buildActionMask = 2147483647;
			files = (
				55D001142223E68B00BA00E6 /* LaunchScreen.storyboard in Resources */,
				55D001112223E68B00BA00E6 /* Assets.xcassets in Resources */,
				55D0010F2223E68B00BA00E6 /* Main.storyboard in Resources */,
			);
			runOnlyForDeploymentPostprocessing = 0;
		};
		55D001182223E68B00BA00E6 /* Resources */ = {
			isa = PBXResourcesBuildPhase;
			buildActionMask = 2147483647;
			files = (
			);
			runOnlyForDeploymentPostprocessing = 0;
		};
		55D001232223E68C00BA00E6 /* Resources */ = {
			isa = PBXResourcesBuildPhase;
			buildActionMask = 2147483647;
			files = (
			);
			runOnlyForDeploymentPostprocessing = 0;
		};
/* End PBXResourcesBuildPhase section */

/* Begin PBXSourcesBuildPhase section */
		55D001022223E68B00BA00E6 /* Sources */ = {
			isa = PBXSourcesBuildPhase;
			buildActionMask = 2147483647;
			files = (
				55D0010C2223E68B00BA00E6 /* ViewController.swift in Sources */,
				55D0010A2223E68B00BA00E6 /* AppDelegate.swift in Sources */,
			);
			runOnlyForDeploymentPostprocessing = 0;
		};
		55D001162223E68B00BA00E6 /* Sources */ = {
			isa = PBXSourcesBuildPhase;
			buildActionMask = 2147483647;
			files = (
				55D0011F2223E68B00BA00E6 /* mokumoku_app_iosTests.swift in Sources */,
			);
			runOnlyForDeploymentPostprocessing = 0;
		};
		55D001212223E68C00BA00E6 /* Sources */ = {
			isa = PBXSourcesBuildPhase;
			buildActionMask = 2147483647;
			files = (
				55D0012A2223E68C00BA00E6 /* mokumoku_app_iosUITests.swift in Sources */,
			);
			runOnlyForDeploymentPostprocessing = 0;
		};
/* End PBXSourcesBuildPhase section */

/* Begin PBXTargetDependency section */
		55D0011C2223E68B00BA00E6 /* PBXTargetDependency */ = {
			isa = PBXTargetDependency;
			target = 55D001052223E68B00BA00E6 /* mokumoku-app-ios */;
			targetProxy = 55D0011B2223E68B00BA00E6 /* PBXContainerItemProxy */;
		};
		55D001272223E68C00BA00E6 /* PBXTargetDependency */ = {
			isa = PBXTargetDependency;
			target = 55D001052223E68B00BA00E6 /* mokumoku-app-ios */;
			targetProxy = 55D001262223E68C00BA00E6 /* PBXContainerItemProxy */;
		};
/* End PBXTargetDependency section */

/* Begin PBXVariantGroup section */
		55D0010D2223E68B00BA00E6 /* Main.storyboard */ = {
			isa = PBXVariantGroup;
			children = (
				55D0010E2223E68B00BA00E6 /* Base */,
			);
			name = Main.storyboard;
			sourceTree = "<group>";
		};
		55D001122223E68B00BA00E6 /* LaunchScreen.storyboard */ = {
			isa = PBXVariantGroup;
			children = (
				55D001132223E68B00BA00E6 /* Base */,
			);
			name = LaunchScreen.storyboard;
			sourceTree = "<group>";
		};
/* End PBXVariantGroup section */

/* Begin XCBuildConfiguration section */
		55D0012C2223E68C00BA00E6 /* Debug */ = {
			isa = XCBuildConfiguration;
			buildSettings = {
				ALWAYS_SEARCH_USER_PATHS = NO;
				CLANG_ANALYZER_NONNULL = YES;
				CLANG_ANALYZER_NUMBER_OBJECT_CONVERSION = YES_AGGRESSIVE;
				CLANG_CXX_LANGUAGE_STANDARD = "gnu++14";
				CLANG_CXX_LIBRARY = "libc++";
				CLANG_ENABLE_MODULES = YES;
				CLANG_ENABLE_OBJC_ARC = YES;
				CLANG_ENABLE_OBJC_WEAK = YES;
				CLANG_WARN_BLOCK_CAPTURE_AUTORELEASING = YES;
				CLANG_WARN_BOOL_CONVERSION = YES;
				CLANG_WARN_COMMA = YES;
				CLANG_WARN_CONSTANT_CONVERSION = YES;
				CLANG_WARN_DEPRECATED_OBJC_IMPLEMENTATIONS = YES;
				CLANG_WARN_DIRECT_OBJC_ISA_USAGE = YES_ERROR;
				CLANG_WARN_DOCUMENTATION_COMMENTS = YES;
				CLANG_WARN_EMPTY_BODY = YES;
				CLANG_WARN_ENUM_CONVERSION = YES;
				CLANG_WARN_INFINITE_RECURSION = YES;
				CLANG_WARN_INT_CONVERSION = YES;
				CLANG_WARN_NON_LITERAL_NULL_CONVERSION = YES;
				CLANG_WARN_OBJC_IMPLICIT_RETAIN_SELF = YES;
				CLANG_WARN_OBJC_LITERAL_CONVERSION = YES;
				CLANG_WARN_OBJC_ROOT_CLASS = YES_ERROR;
				CLANG_WARN_RANGE_LOOP_ANALYSIS = YES;
				CLANG_WARN_STRICT_PROTOTYPES = YES;
				CLANG_WARN_SUSPICIOUS_MOVE = YES;
				CLANG_WARN_UNGUARDED_AVAILABILITY = YES_AGGRESSIVE;
				CLANG_WARN_UNREACHABLE_CODE = YES;
				CLANG_WARN__DUPLICATE_METHOD_MATCH = YES;
				CODE_SIGN_IDENTITY = "iPhone Developer";
				COPY_PHASE_STRIP = NO;
				DEBUG_INFORMATION_FORMAT = dwarf;
				ENABLE_STRICT_OBJC_MSGSEND = YES;
				ENABLE_TESTABILITY = YES;
				GCC_C_LANGUAGE_STANDARD = gnu11;
				GCC_DYNAMIC_NO_PIC = NO;
				GCC_NO_COMMON_BLOCKS = YES;
				GCC_OPTIMIZATION_LEVEL = 0;
				GCC_PREPROCESSOR_DEFINITIONS = (
					"DEBUG=1",
					"$(inherited)",
				);
				GCC_WARN_64_TO_32_BIT_CONVERSION = YES;
				GCC_WARN_ABOUT_RETURN_TYPE = YES_ERROR;
				GCC_WARN_UNDECLARED_SELECTOR = YES;
				GCC_WARN_UNINITIALIZED_AUTOS = YES_AGGRESSIVE;
				GCC_WARN_UNUSED_FUNCTION = YES;
				GCC_WARN_UNUSED_VARIABLE = YES;
				IPHONEOS_DEPLOYMENT_TARGET = 12.1;
				MTL_ENABLE_DEBUG_INFO = INCLUDE_SOURCE;
				MTL_FAST_MATH = YES;
				ONLY_ACTIVE_ARCH = YES;
				SDKROOT = iphoneos;
				SWIFT_ACTIVE_COMPILATION_CONDITIONS = DEBUG;
				SWIFT_OPTIMIZATION_LEVEL = "-Onone";
			};
			name = Debug;
		};
		55D0012D2223E68C00BA00E6 /* Release */ = {
			isa = XCBuildConfiguration;
			buildSettings = {
				ALWAYS_SEARCH_USER_PATHS = NO;
				CLANG_ANALYZER_NONNULL = YES;
				CLANG_ANALYZER_NUMBER_OBJECT_CONVERSION = YES_AGGRESSIVE;
				CLANG_CXX_LANGUAGE_STANDARD = "gnu++14";
				CLANG_CXX_LIBRARY = "libc++";
				CLANG_ENABLE_MODULES = YES;
				CLANG_ENABLE_OBJC_ARC = YES;
				CLANG_ENABLE_OBJC_WEAK = YES;
				CLANG_WARN_BLOCK_CAPTURE_AUTORELEASING = YES;
				CLANG_WARN_BOOL_CONVERSION = YES;
				CLANG_WARN_COMMA = YES;
				CLANG_WARN_CONSTANT_CONVERSION = YES;
				CLANG_WARN_DEPRECATED_OBJC_IMPLEMENTATIONS = YES;
				CLANG_WARN_DIRECT_OBJC_ISA_USAGE = YES_ERROR;
				CLANG_WARN_DOCUMENTATION_COMMENTS = YES;
				CLANG_WARN_EMPTY_BODY = YES;
				CLANG_WARN_ENUM_CONVERSION = YES;
				CLANG_WARN_INFINITE_RECURSION = YES;
				CLANG_WARN_INT_CONVERSION = YES;
				CLANG_WARN_NON_LITERAL_NULL_CONVERSION = YES;
				CLANG_WARN_OBJC_IMPLICIT_RETAIN_SELF = YES;
				CLANG_WARN_OBJC_LITERAL_CONVERSION = YES;
				CLANG_WARN_OBJC_ROOT_CLASS = YES_ERROR;
				CLANG_WARN_RANGE_LOOP_ANALYSIS = YES;
				CLANG_WARN_STRICT_PROTOTYPES = YES;
				CLANG_WARN_SUSPICIOUS_MOVE = YES;
				CLANG_WARN_UNGUARDED_AVAILABILITY = YES_AGGRESSIVE;
				CLANG_WARN_UNREACHABLE_CODE = YES;
				CLANG_WARN__DUPLICATE_METHOD_MATCH = YES;
				CODE_SIGN_IDENTITY = "iPhone Developer";
				COPY_PHASE_STRIP = NO;
				DEBUG_INFORMATION_FORMAT = "dwarf-with-dsym";
				ENABLE_NS_ASSERTIONS = NO;
				ENABLE_STRICT_OBJC_MSGSEND = YES;
				GCC_C_LANGUAGE_STANDARD = gnu11;
				GCC_NO_COMMON_BLOCKS = YES;
				GCC_WARN_64_TO_32_BIT_CONVERSION = YES;
				GCC_WARN_ABOUT_RETURN_TYPE = YES_ERROR;
				GCC_WARN_UNDECLARED_SELECTOR = YES;
				GCC_WARN_UNINITIALIZED_AUTOS = YES_AGGRESSIVE;
				GCC_WARN_UNUSED_FUNCTION = YES;
				GCC_WARN_UNUSED_VARIABLE = YES;
				IPHONEOS_DEPLOYMENT_TARGET = 12.1;
				MTL_ENABLE_DEBUG_INFO = NO;
				MTL_FAST_MATH = YES;
				SDKROOT = iphoneos;
				SWIFT_COMPILATION_MODE = wholemodule;
				SWIFT_OPTIMIZATION_LEVEL = "-O";
				VALIDATE_PRODUCT = YES;
			};
			name = Release;
		};
		55D0012F2223E68C00BA00E6 /* Debug */ = {
			isa = XCBuildConfiguration;
			buildSettings = {
				ASSETCATALOG_COMPILER_APPICON_NAME = AppIcon;
				CODE_SIGN_STYLE = Automatic;
				DEVELOPMENT_TEAM = 3BTZN69U72;
				INFOPLIST_FILE = "mokumoku-app-ios/Info.plist";
				LD_RUNPATH_SEARCH_PATHS = (
					"$(inherited)",
					"@executable_path/Frameworks",
				);
				PRODUCT_BUNDLE_IDENTIFIER = "com.ymoku.mokumoku-app-ios";
				PRODUCT_NAME = "$(TARGET_NAME)";
				SWIFT_VERSION = 4.2;
				TARGETED_DEVICE_FAMILY = "1,2";
			};
			name = Debug;
		};
		55D001302223E68C00BA00E6 /* Release */ = {
			isa = XCBuildConfiguration;
			buildSettings = {
				ASSETCATALOG_COMPILER_APPICON_NAME = AppIcon;
				CODE_SIGN_STYLE = Automatic;
				DEVELOPMENT_TEAM = 3BTZN69U72;
				INFOPLIST_FILE = "mokumoku-app-ios/Info.plist";
				LD_RUNPATH_SEARCH_PATHS = (
					"$(inherited)",
					"@executable_path/Frameworks",
				);
				PRODUCT_BUNDLE_IDENTIFIER = "com.ymoku.mokumoku-app-ios";
				PRODUCT_NAME = "$(TARGET_NAME)";
				SWIFT_VERSION = 4.2;
				TARGETED_DEVICE_FAMILY = "1,2";
			};
			name = Release;
		};
		55D001322223E68C00BA00E6 /* Debug */ = {
			isa = XCBuildConfiguration;
			buildSettings = {
				ALWAYS_EMBED_SWIFT_STANDARD_LIBRARIES = YES;
				BUNDLE_LOADER = "$(TEST_HOST)";
				CODE_SIGN_STYLE = Automatic;
				DEVELOPMENT_TEAM = 3BTZN69U72;
				INFOPLIST_FILE = "mokumoku-app-iosTests/Info.plist";
				LD_RUNPATH_SEARCH_PATHS = (
					"$(inherited)",
					"@executable_path/Frameworks",
					"@loader_path/Frameworks",
				);
				PRODUCT_BUNDLE_IDENTIFIER = "com.ymoku.mokumoku-app-iosTests";
				PRODUCT_NAME = "$(TARGET_NAME)";
				SWIFT_VERSION = 4.2;
				TARGETED_DEVICE_FAMILY = "1,2";
				TEST_HOST = "$(BUILT_PRODUCTS_DIR)/mokumoku-app-ios.app/mokumoku-app-ios";
			};
			name = Debug;
		};
		55D001332223E68C00BA00E6 /* Release */ = {
			isa = XCBuildConfiguration;
			buildSettings = {
				ALWAYS_EMBED_SWIFT_STANDARD_LIBRARIES = YES;
				BUNDLE_LOADER = "$(TEST_HOST)";
				CODE_SIGN_STYLE = Automatic;
				DEVELOPMENT_TEAM = 3BTZN69U72;
				INFOPLIST_FILE = "mokumoku-app-iosTests/Info.plist";
				LD_RUNPATH_SEARCH_PATHS = (
					"$(inherited)",
					"@executable_path/Frameworks",
					"@loader_path/Frameworks",
				);
				PRODUCT_BUNDLE_IDENTIFIER = "com.ymoku.mokumoku-app-iosTests";
				PRODUCT_NAME = "$(TARGET_NAME)";
				SWIFT_VERSION = 4.2;
				TARGETED_DEVICE_FAMILY = "1,2";
				TEST_HOST = "$(BUILT_PRODUCTS_DIR)/mokumoku-app-ios.app/mokumoku-app-ios";
			};
			name = Release;
		};
		55D001352223E68C00BA00E6 /* Debug */ = {
			isa = XCBuildConfiguration;
			buildSettings = {
				ALWAYS_EMBED_SWIFT_STANDARD_LIBRARIES = YES;
				CODE_SIGN_STYLE = Automatic;
				DEVELOPMENT_TEAM = 3BTZN69U72;
				INFOPLIST_FILE = "mokumoku-app-iosUITests/Info.plist";
				LD_RUNPATH_SEARCH_PATHS = (
					"$(inherited)",
					"@executable_path/Frameworks",
					"@loader_path/Frameworks",
				);
				PRODUCT_BUNDLE_IDENTIFIER = "com.ymoku.mokumoku-app-iosUITests";
				PRODUCT_NAME = "$(TARGET_NAME)";
				SWIFT_VERSION = 4.2;
				TARGETED_DEVICE_FAMILY = "1,2";
				TEST_TARGET_NAME = "mokumoku-app-ios";
			};
			name = Debug;
		};
		55D001362223E68C00BA00E6 /* Release */ = {
			isa = XCBuildConfiguration;
			buildSettings = {
				ALWAYS_EMBED_SWIFT_STANDARD_LIBRARIES = YES;
				CODE_SIGN_STYLE = Automatic;
				DEVELOPMENT_TEAM = 3BTZN69U72;
				INFOPLIST_FILE = "mokumoku-app-iosUITests/Info.plist";
				LD_RUNPATH_SEARCH_PATHS = (
					"$(inherited)",
					"@executable_path/Frameworks",
					"@loader_path/Frameworks",
				);
				PRODUCT_BUNDLE_IDENTIFIER = "com.ymoku.mokumoku-app-iosUITests";
				PRODUCT_NAME = "$(TARGET_NAME)";
				SWIFT_VERSION = 4.2;
				TARGETED_DEVICE_FAMILY = "1,2";
				TEST_TARGET_NAME = "mokumoku-app-ios";
			};
			name = Release;
		};
/* End XCBuildConfiguration section */

/* Begin XCConfigurationList section */
		55D001012223E68B00BA00E6 /* Build configuration list for PBXProject "mokumoku-app-ios" */ = {
			isa = XCConfigurationList;
			buildConfigurations = (
				55D0012C2223E68C00BA00E6 /* Debug */,
				55D0012D2223E68C00BA00E6 /* Release */,
			);
			defaultConfigurationIsVisible = 0;
			defaultConfigurationName = Release;
		};
		55D0012E2223E68C00BA00E6 /* Build configuration list for PBXNativeTarget "mokumoku-app-ios" */ = {
			isa = XCConfigurationList;
			buildConfigurations = (
				55D0012F2223E68C00BA00E6 /* Debug */,
				55D001302223E68C00BA00E6 /* Release */,
			);
			defaultConfigurationIsVisible = 0;
			defaultConfigurationName = Release;
		};
		55D001312223E68C00BA00E6 /* Build configuration list for PBXNativeTarget "mokumoku-app-iosTests" */ = {
			isa = XCConfigurationList;
			buildConfigurations = (
				55D001322223E68C00BA00E6 /* Debug */,
				55D001332223E68C00BA00E6 /* Release */,
			);
			defaultConfigurationIsVisible = 0;
			defaultConfigurationName = Release;
		};
		55D001342223E68C00BA00E6 /* Build configuration list for PBXNativeTarget "mokumoku-app-iosUITests" */ = {
			isa = XCConfigurationList;
			buildConfigurations = (
				55D001352223E68C00BA00E6 /* Debug */,
				55D001362223E68C00BA00E6 /* Release */,
			);
			defaultConfigurationIsVisible = 0;
			defaultConfigurationName = Release;
		};
/* End XCConfigurationList section */
	};
	rootObject = 55D000FE2223E68B00BA00E6 /* Project object */;
}
